%{"amqp": {:git, "git://github.com/pma/amqp.git", "56c79ba83e1098db03a4ac5921eff6895ae9bd17", [tag: "v0.0.6"]},
  "amqp_client": {:hex, :amqp_client, "3.4.0"},
  "cowboy": {:git, "git://github.com/extend/cowboy.git", "d2205d9ea6aa71ff256c48667755676d0e6c2377", []},
  "cowlib": {:git, "git://github.com/ninenines/cowlib.git", "7caf8cb78ca15aff6a94955fce94458043db6ada", [ref: "1.1.0"]},
  "eper": {:git, "git://github.com/massemanet/eper.git", "5d4c3e9c91bd96b67a92cbdac4601c43340e1d88", []},
  "exprotobuf": {:git, "git://github.com/bitwalker/exprotobuf.git", "1cafab931d9a9284761c7388de9f4cf0b980ae8c", [tag: "0.8.3"]},
  "goldrush": {:git, "git://github.com/DeadZen/goldrush.git", "71e63212f12c25827e0c1b4198d37d5d018a7fec", [tag: "0.1.6"]},
  "gpb": {:git, "git://github.com/tomas-abrahamsson/gpb.git", "cc12c0b642c294c66a10649e0b28b4edbe7483ae", [tag: "3.16.0"]},
  "ibrowse": {:git, "git://github.com/cmullaparthi/ibrowse.git", "e18ea912b62b0f4a48d0f0edc8bb2f542863a88c", []},
  "jiffy": {:git, "git://github.com/davisp/jiffy.git", "801f9e72995eb72b303018885137ad8afbf1fb2b", []},
  "lager": {:git, "git://github.com/basho/lager.git", "d33ccf3b69de09a628fe38b4d7981bb8671b8a4f", []},
  "meck": {:git, "git://github.com/basho/meck.git", "d4730c6d47e437b1dcd170551506e7b10596cd5a", [tag: "0.8.1p1"]},
  "mixer": {:git, "git://github.com/opscode/mixer.git", "a95d63e68794cd3532f9b65d9ca9d97ffeb61152", []},
  "protobuffs": {:git, "git://github.com/basho/erlang_protobuffs.git", "5257dfe4e000b58487af89b849c7336ffa9bae82", [tag: "0.8.1p4"]},
  "rabbit_common": {:hex, :rabbit_common, "3.4.0"},
  "ranch": {:git, "git://github.com/ninenines/ranch.git", "adf1822defc2b7cfdc7aca112adabfa1d614043c", [ref: "1.0.0"]},
  "riak_pb": {:git, "git://github.com/basho/riak_pb.git", "fc18a9b37170431f659e08d66ed78e3f6bbc47ca", [tag: "2.0.0.16"]},
  "riakc": {:git, "git://github.com/basho/riak-erlang-client.git", "9c76571260974246327c5990a5faf0151132ac53", []},
  "sync": {:git, "git://github.com/rustyio/sync.git", "131c3952529a5992cdd74624438347b3c431ba15", []}}
